
Microsoft Visual Studio Solution File, Format Version 12.00
# Visual Studio 14
VisualStudioVersion = 14.0.25420.1
MinimumVisualStudioVersion = 10.0.40219.1
Project("{8BC9CEB8-8B4A-11D0-8D11-00A0C91BC942}") = "Console_test", "Console_test\Console_test.vcxproj", "{E16565B5-3535-469C-ADE4-62E3596EC507}"
EndProject
Project("{8BC9CEB8-8B4A-11D0-8D11-00A0C91BC942}") = "videoFileAPI", "fileAPI\videoFileAPI.vcxproj", "{13E9F316-2707-4A00-8A3D-2AD3463B7997}"
EndProject
Project("{8BC9CEB8-8B4A-11D0-8D11-00A0C91BC942}") = "RAHWDecoder_pro", "RAHWDecoder_pro\RAHWDecoder_pro.vcxproj", "{B9772C9A-31F0-42EA-B4A4-DF5796201025}"
EndProject
Project("{8BC9CEB8-8B4A-11D0-8D11-00A0C91BC942}") = "rtspAPI", "rtspAPI\rtspAPI.vcxproj", "{ADF979AA-150F-45CC-811A-4352AFDA7155}"
EndProject
Project("{8BC9CEB8-8B4A-11D0-8D11-00A0C91BC942}") = "test_demo", "test_demo\test_demo.vcxproj", "{67152345-3E9B-43F9-8390-6721C91436C1}"
	ProjectSection(ProjectDependencies) = postProject
		{F9907B58-39DE-4CBE-B536-27E1508995FB} = {F9907B58-39DE-4CBE-B536-27E1508995FB}
	EndProjectSection
EndProject
Project("{8BC9CEB8-8B4A-11D0-8D11-00A0C91BC942}") = "videoParser", "videoParser\videoParser.vcxproj", "{56AC56BE-0728-4BF7-AF9D-274114210557}"
EndProject
Project("{8BC9CEB8-8B4A-11D0-8D11-00A0C91BC942}") = "cudaUtils", "cudaUtils\cudaUtils.vcxproj", "{F9907B58-39DE-4CBE-B536-27E1508995FB}"
EndProject
Global
	GlobalSection(SolutionConfigurationPlatforms) = preSolution
		Debug|x64 = Debug|x64
		Debug|x86 = Debug|x86
		Release|x64 = Release|x64
		Release|x86 = Release|x86
	EndGlobalSection
	GlobalSection(ProjectConfigurationPlatforms) = postSolution
		{E16565B5-3535-469C-ADE4-62E3596EC507}.Debug|x64.ActiveCfg = Debug|x64
		{E16565B5-3535-469C-ADE4-62E3596EC507}.Debug|x64.Build.0 = Debug|x64
		{E16565B5-3535-469C-ADE4-62E3596EC507}.Debug|x86.ActiveCfg = Debug|Win32
		{E16565B5-3535-469C-ADE4-62E3596EC507}.Debug|x86.Build.0 = Debug|Win32
		{E16565B5-3535-469C-ADE4-62E3596EC507}.Release|x64.ActiveCfg = Release|x64
		{E16565B5-3535-469C-ADE4-62E3596EC507}.Release|x64.Build.0 = Release|x64
		{E16565B5-3535-469C-ADE4-62E3596EC507}.Release|x86.ActiveCfg = Release|Win32
		{E16565B5-3535-469C-ADE4-62E3596EC507}.Release|x86.Build.0 = Release|Win32
		{13E9F316-2707-4A00-8A3D-2AD3463B7997}.Debug|x64.ActiveCfg = Debug|x64
		{13E9F316-2707-4A00-8A3D-2AD3463B7997}.Debug|x64.Build.0 = Debug|x64
		{13E9F316-2707-4A00-8A3D-2AD3463B7997}.Debug|x86.ActiveCfg = Debug|Win32
		{13E9F316-2707-4A00-8A3D-2AD3463B7997}.Debug|x86.Build.0 = Debug|Win32
		{13E9F316-2707-4A00-8A3D-2AD3463B7997}.Release|x64.ActiveCfg = Release|x64
		{13E9F316-2707-4A00-8A3D-2AD3463B7997}.Release|x64.Build.0 = Release|x64
		{13E9F316-2707-4A00-8A3D-2AD3463B7997}.Release|x86.ActiveCfg = Release|Win32
		{13E9F316-2707-4A00-8A3D-2AD3463B7997}.Release|x86.Build.0 = Release|Win32
		{B9772C9A-31F0-42EA-B4A4-DF5796201025}.Debug|x64.ActiveCfg = Debug|x64
		{B9772C9A-31F0-42EA-B4A4-DF5796201025}.Debug|x64.Build.0 = Debug|x64
		{B9772C9A-31F0-42EA-B4A4-DF5796201025}.Debug|x86.ActiveCfg = Debug|Win32
		{B9772C9A-31F0-42EA-B4A4-DF5796201025}.Debug|x86.Build.0 = Debug|Win32
		{B9772C9A-31F0-42EA-B4A4-DF5796201025}.Release|x64.ActiveCfg = Release|x64
		{B9772C9A-31F0-42EA-B4A4-DF5796201025}.Release|x64.Build.0 = Release|x64
		{B9772C9A-31F0-42EA-B4A4-DF5796201025}.Release|x86.ActiveCfg = Release|Win32
		{B9772C9A-31F0-42EA-B4A4-DF5796201025}.Release|x86.Build.0 = Release|Win32
		{ADF979AA-150F-45CC-811A-4352AFDA7155}.Debug|x64.ActiveCfg = Debug|x64
		{ADF979AA-150F-45CC-811A-4352AFDA7155}.Debug|x64.Build.0 = Debug|x64
		{ADF979AA-150F-45CC-811A-4352AFDA7155}.Debug|x86.ActiveCfg = Debug|Win32
		{ADF979AA-150F-45CC-811A-4352AFDA7155}.Debug|x86.Build.0 = Debug|Win32
		{ADF979AA-150F-45CC-811A-4352AFDA7155}.Release|x64.ActiveCfg = Release|x64
		{ADF979AA-150F-45CC-811A-4352AFDA7155}.Release|x64.Build.0 = Release|x64
		{ADF979AA-150F-45CC-811A-4352AFDA7155}.Release|x86.ActiveCfg = Release|Win32
		{ADF979AA-150F-45CC-811A-4352AFDA7155}.Release|x86.Build.0 = Release|Win32
		{67152345-3E9B-43F9-8390-6721C91436C1}.Debug|x64.ActiveCfg = Debug|x64
		{67152345-3E9B-43F9-8390-6721C91436C1}.Debug|x64.Build.0 = Debug|x64
		{67152345-3E9B-43F9-8390-6721C91436C1}.Debug|x86.ActiveCfg = Debug|Win32
		{67152345-3E9B-43F9-8390-6721C91436C1}.Debug|x86.Build.0 = Debug|Win32
		{67152345-3E9B-43F9-8390-6721C91436C1}.Release|x64.ActiveCfg = Release|x64
		{67152345-3E9B-43F9-8390-6721C91436C1}.Release|x64.Build.0 = Release|x64
		{67152345-3E9B-43F9-8390-6721C91436C1}.Release|x86.ActiveCfg = Release|Win32
		{67152345-3E9B-43F9-8390-6721C91436C1}.Release|x86.Build.0 = Release|Win32
		{56AC56BE-0728-4BF7-AF9D-274114210557}.Debug|x64.ActiveCfg = Debug|x64
		{56AC56BE-0728-4BF7-AF9D-274114210557}.Debug|x64.Build.0 = Debug|x64
		{56AC56BE-0728-4BF7-AF9D-274114210557}.Debug|x86.ActiveCfg = Debug|Win32
		{56AC56BE-0728-4BF7-AF9D-274114210557}.Debug|x86.Build.0 = Debug|Win32
		{56AC56BE-0728-4BF7-AF9D-274114210557}.Release|x64.ActiveCfg = Release|x64
		{56AC56BE-0728-4BF7-AF9D-274114210557}.Release|x64.Build.0 = Release|x64
		{56AC56BE-0728-4BF7-AF9D-274114210557}.Release|x86.ActiveCfg = Release|Win32
		{56AC56BE-0728-4BF7-AF9D-274114210557}.Release|x86.Build.0 = Release|Win32
		{F9907B58-39DE-4CBE-B536-27E1508995FB}.Debug|x64.ActiveCfg = Debug|x64
		{F9907B58-39DE-4CBE-B536-27E1508995FB}.Debug|x64.Build.0 = Debug|x64
		{F9907B58-39DE-4CBE-B536-27E1508995FB}.Debug|x86.ActiveCfg = Debug|Win32
		{F9907B58-39DE-4CBE-B536-27E1508995FB}.Debug|x86.Build.0 = Debug|Win32
		{F9907B58-39DE-4CBE-B536-27E1508995FB}.Release|x64.ActiveCfg = Release|x64
		{F9907B58-39DE-4CBE-B536-27E1508995FB}.Release|x64.Build.0 = Release|x64
		{F9907B58-39DE-4CBE-B536-27E1508995FB}.Release|x86.ActiveCfg = Release|Win32
		{F9907B58-39DE-4CBE-B536-27E1508995FB}.Release|x86.Build.0 = Release|Win32
	EndGlobalSection
	GlobalSection(SolutionProperties) = preSolution
		HideSolutionNode = FALSE
	EndGlobalSection
EndGlobal
